// !$*UTF8*$!
{
	archiveVersion = 1;
	classes = {
	};
	objectVersion = 46;
	objects = {

/* Begin PBXBuildFile section */
		5F2846E31EB7D029005FC78E /* AppDelegate.swift in Sources */ = {isa = PBXBuildFile; fileRef = 5F2846E21EB7D029005FC78E /* AppDelegate.swift */; };
		5F2846E51EB7D029005FC78E /* ViewController.swift in Sources */ = {isa = PBXBuildFile; fileRef = 5F2846E41EB7D029005FC78E /* ViewController.swift */; };
		5F2846E81EB7D029005FC78E /* Main.storyboard in Resources */ = {isa = PBXBuildFile; fileRef = 5F2846E61EB7D029005FC78E /* Main.storyboard */; };
		5F2846EB1EB7D029005FC78E /* iHome.xcdatamodeld in Sources */ = {isa = PBXBuildFile; fileRef = 5F2846E91EB7D029005FC78E /* iHome.xcdatamodeld */; };
		5F2846ED1EB7D029005FC78E /* Assets.xcassets in Resources */ = {isa = PBXBuildFile; fileRef = 5F2846EC1EB7D029005FC78E /* Assets.xcassets */; };
		5F2846F01EB7D029005FC78E /* LaunchScreen.storyboard in Resources */ = {isa = PBXBuildFile; fileRef = 5F2846EE1EB7D029005FC78E /* LaunchScreen.storyboard */; };
		5F2846FB1EB7D029005FC78E /* iHomeTests.swift in Sources */ = {isa = PBXBuildFile; fileRef = 5F2846FA1EB7D029005FC78E /* iHomeTests.swift */; };
		5F2847061EB7D029005FC78E /* iHomeUITests.swift in Sources */ = {isa = PBXBuildFile; fileRef = 5F2847051EB7D029005FC78E /* iHomeUITests.swift */; };
		5F2847141EB7D297005FC78E /* LoginController.swift in Sources */ = {isa = PBXBuildFile; fileRef = 5F2847131EB7D297005FC78E /* LoginController.swift */; };
		5F2847171EB7D593005FC78E /* purpleGradient.jpg in Resources */ = {isa = PBXBuildFile; fileRef = 5F2847161EB7D593005FC78E /* purpleGradient.jpg */; };
		5F2847291EB7F786005FC78E /* TableCell.swift in Sources */ = {isa = PBXBuildFile; fileRef = 5F2847281EB7F786005FC78E /* TableCell.swift */; };
		5F28472D1EB7F9D7005FC78E /* MenuViewController.swift in Sources */ = {isa = PBXBuildFile; fileRef = 5F28472C1EB7F9D7005FC78E /* MenuViewController.swift */; };
		5F28472F1EB8E92D005FC78E /* HomeViewController.swift in Sources */ = {isa = PBXBuildFile; fileRef = 5F28472E1EB8E92D005FC78E /* HomeViewController.swift */; };
		5F2847341EB8EF9D005FC78E /* SWRevealViewController.m in Sources */ = {isa = PBXBuildFile; fileRef = 5F2847331EB8EF9D005FC78E /* SWRevealViewController.m */; };
/* End PBXBuildFile section */

/* Begin PBXContainerItemProxy section */
		5F2846F71EB7D029005FC78E /* PBXContainerItemProxy */ = {
			isa = PBXContainerItemProxy;
			containerPortal = 5F2846D71EB7D029005FC78E /* Project object */;
			proxyType = 1;
			remoteGlobalIDString = 5F2846DE1EB7D029005FC78E;
			remoteInfo = iHome;
		};
		5F2847021EB7D029005FC78E /* PBXContainerItemProxy */ = {
			isa = PBXContainerItemProxy;
			containerPortal = 5F2846D71EB7D029005FC78E /* Project object */;
			proxyType = 1;
			remoteGlobalIDString = 5F2846DE1EB7D029005FC78E;
			remoteInfo = iHome;
		};
/* End PBXContainerItemProxy section */

/* Begin PBXFileReference section */
		5F2846DF1EB7D029005FC78E /* iHome.app */ = {isa = PBXFileReference; explicitFileType = wrapper.application; includeInIndex = 0; path = iHome.app; sourceTree = BUILT_PRODUCTS_DIR; };
		5F2846E21EB7D029005FC78E /* AppDelegate.swift */ = {isa = PBXFileReference; lastKnownFileType = sourcecode.swift; path = AppDelegate.swift; sourceTree = "<group>"; };
		5F2846E41EB7D029005FC78E /* ViewController.swift */ = {isa = PBXFileReference; lastKnownFileType = sourcecode.swift; path = ViewController.swift; sourceTree = "<group>"; };
		5F2846E71EB7D029005FC78E /* Base */ = {isa = PBXFileReference; lastKnownFileType = file.storyboard; name = Base; path = Base.lproj/Main.storyboard; sourceTree = "<group>"; };
		5F2846EA1EB7D029005FC78E /* iHome.xcdatamodel */ = {isa = PBXFileReference; lastKnownFileType = wrapper.xcdatamodel; path = iHome.xcdatamodel; sourceTree = "<group>"; };
		5F2846EC1EB7D029005FC78E /* Assets.xcassets */ = {isa = PBXFileReference; lastKnownFileType = folder.assetcatalog; path = Assets.xcassets; sourceTree = "<group>"; };
		5F2846EF1EB7D029005FC78E /* Base */ = {isa = PBXFileReference; lastKnownFileType = file.storyboard; name = Base; path = Base.lproj/LaunchScreen.storyboard; sourceTree = "<group>"; };
		5F2846F11EB7D029005FC78E /* Info.plist */ = {isa = PBXFileReference; lastKnownFileType = text.plist.xml; path = Info.plist; sourceTree = "<group>"; };
		5F2846F61EB7D029005FC78E /* iHomeTests.xctest */ = {isa = PBXFileReference; explicitFileType = wrapper.cfbundle; includeInIndex = 0; path = iHomeTests.xctest; sourceTree = BUILT_PRODUCTS_DIR; };
		5F2846FA1EB7D029005FC78E /* iHomeTests.swift */ = {isa = PBXFileReference; lastKnownFileType = sourcecode.swift; path = iHomeTests.swift; sourceTree = "<group>"; };
		5F2846FC1EB7D029005FC78E /* Info.plist */ = {isa = PBXFileReference; lastKnownFileType = text.plist.xml; path = Info.plist; sourceTree = "<group>"; };
		5F2847011EB7D029005FC78E /* iHomeUITests.xctest */ = {isa = PBXFileReference; explicitFileType = wrapper.cfbundle; includeInIndex = 0; path = iHomeUITests.xctest; sourceTree = BUILT_PRODUCTS_DIR; };
		5F2847051EB7D029005FC78E /* iHomeUITests.swift */ = {isa = PBXFileReference; lastKnownFileType = sourcecode.swift; path = iHomeUITests.swift; sourceTree = "<group>"; };
		5F2847071EB7D029005FC78E /* Info.plist */ = {isa = PBXFileReference; lastKnownFileType = text.plist.xml; path = Info.plist; sourceTree = "<group>"; };
		5F2847131EB7D297005FC78E /* LoginController.swift */ = {isa = PBXFileReference; fileEncoding = 4; lastKnownFileType = sourcecode.swift; path = LoginController.swift; sourceTree = "<group>"; };
		5F2847161EB7D593005FC78E /* purpleGradient.jpg */ = {isa = PBXFileReference; lastKnownFileType = image.jpeg; name = purpleGradient.jpg; path = Images/purpleGradient.jpg; sourceTree = SOURCE_ROOT; };
		5F2847281EB7F786005FC78E /* TableCell.swift */ = {isa = PBXFileReference; fileEncoding = 4; lastKnownFileType = sourcecode.swift; name = TableCell.swift; path = ../TableCell.swift; sourceTree = "<group>"; };
		5F28472C1EB7F9D7005FC78E /* MenuViewController.swift */ = {isa = PBXFileReference; fileEncoding = 4; lastKnownFileType = sourcecode.swift; path = MenuViewController.swift; sourceTree = "<group>"; };
		5F28472E1EB8E92D005FC78E /* HomeViewController.swift */ = {isa = PBXFileReference; fileEncoding = 4; lastKnownFileType = sourcecode.swift; path = HomeViewController.swift; sourceTree = "<group>"; };
		5F2847321EB8EF9D005FC78E /* SWRevealViewController.h */ = {isa = PBXFileReference; fileEncoding = 4; lastKnownFileType = sourcecode.c.h; name = SWRevealViewController.h; path = SWRevealViewController/SWRevealViewController.h; sourceTree = "<group>"; };
		5F2847331EB8EF9D005FC78E /* SWRevealViewController.m */ = {isa = PBXFileReference; fileEncoding = 4; lastKnownFileType = sourcecode.c.objc; name = SWRevealViewController.m; path = SWRevealViewController/SWRevealViewController.m; sourceTree = "<group>"; };
		5F2847351EB8F08B005FC78E /* iHome-Bridging-Header.h */ = {isa = PBXFileReference; lastKnownFileType = sourcecode.c.h; name = "iHome-Bridging-Header.h"; path = "SWRevealViewController/iHome-Bridging-Header.h"; sourceTree = "<group>"; };
/* End PBXFileReference section */

/* Begin PBXFrameworksBuildPhase section */
		5F2846DC1EB7D029005FC78E /* Frameworks */ = {
			isa = PBXFrameworksBuildPhase;
			buildActionMask = 2147483647;
			files = (
			);
			runOnlyForDeploymentPostprocessing = 0;
		};
		5F2846F31EB7D029005FC78E /* Frameworks */ = {
			isa = PBXFrameworksBuildPhase;
			buildActionMask = 2147483647;
			files = (
			);
			runOnlyForDeploymentPostprocessing = 0;
		};
		5F2846FE1EB7D029005FC78E /* Frameworks */ = {
			isa = PBXFrameworksBuildPhase;
			buildActionMask = 2147483647;
			files = (
			);
			runOnlyForDeploymentPostprocessing = 0;
		};
/* End PBXFrameworksBuildPhase section */

/* Begin PBXGroup section */
		5F2846D61EB7D029005FC78E = {
			isa = PBXGroup;
			children = (
				5F2847191EB7F0D9005FC78E /* SWviewcontroller */,
				5F2847151EB7D56D005FC78E /* Images */,
				5F2846E11EB7D029005FC78E /* iHome */,
				5F2846F91EB7D029005FC78E /* iHomeTests */,
				5F2847041EB7D029005FC78E /* iHomeUITests */,
				5F2846E01EB7D029005FC78E /* Products */,
			);
			sourceTree = "<group>";
		};
		5F2846E01EB7D029005FC78E /* Products */ = {
			isa = PBXGroup;
			children = (
				5F2846DF1EB7D029005FC78E /* iHome.app */,
				5F2846F61EB7D029005FC78E /* iHomeTests.xctest */,
				5F2847011EB7D029005FC78E /* iHomeUITests.xctest */,
			);
			name = Products;
			sourceTree = "<group>";
		};
		5F2846E11EB7D029005FC78E /* iHome */ = {
			isa = PBXGroup;
			children = (
				5F2847281EB7F786005FC78E /* TableCell.swift */,
				5F2846E21EB7D029005FC78E /* AppDelegate.swift */,
				5F2847131EB7D297005FC78E /* LoginController.swift */,
				5F2846E41EB7D029005FC78E /* ViewController.swift */,
				5F2846E61EB7D029005FC78E /* Main.storyboard */,
				5F2846EC1EB7D029005FC78E /* Assets.xcassets */,
				5F2846EE1EB7D029005FC78E /* LaunchScreen.storyboard */,
				5F2846F11EB7D029005FC78E /* Info.plist */,
				5F2846E91EB7D029005FC78E /* iHome.xcdatamodeld */,
				5F28472C1EB7F9D7005FC78E /* MenuViewController.swift */,
				5F28472E1EB8E92D005FC78E /* HomeViewController.swift */,
			);
			path = iHome;
			sourceTree = "<group>";
		};
		5F2846F91EB7D029005FC78E /* iHomeTests */ = {
			isa = PBXGroup;
			children = (
				5F2846FA1EB7D029005FC78E /* iHomeTests.swift */,
				5F2846FC1EB7D029005FC78E /* Info.plist */,
			);
			path = iHomeTests;
			sourceTree = "<group>";
		};
		5F2847041EB7D029005FC78E /* iHomeUITests */ = {
			isa = PBXGroup;
			children = (
				5F2847051EB7D029005FC78E /* iHomeUITests.swift */,
				5F2847071EB7D029005FC78E /* Info.plist */,
			);
			path = iHomeUITests;
			sourceTree = "<group>";
		};
		5F2847151EB7D56D005FC78E /* Images */ = {
			isa = PBXGroup;
			children = (
				5F2847161EB7D593005FC78E /* purpleGradient.jpg */,
			);
			name = Images;
			path = iHome;
			sourceTree = "<group>";
		};
		5F2847191EB7F0D9005FC78E /* SWviewcontroller */ = {
			isa = PBXGroup;
			children = (
				5F2847351EB8F08B005FC78E /* iHome-Bridging-Header.h */,
				5F2847321EB8EF9D005FC78E /* SWRevealViewController.h */,
				5F2847331EB8EF9D005FC78E /* SWRevealViewController.m */,
			);
			name = SWviewcontroller;
			sourceTree = "<group>";
		};
/* End PBXGroup section */

/* Begin PBXNativeTarget section */
		5F2846DE1EB7D029005FC78E /* iHome */ = {
			isa = PBXNativeTarget;
			buildConfigurationList = 5F28470A1EB7D029005FC78E /* Build configuration list for PBXNativeTarget "iHome" */;
			buildPhases = (
				5F2846DB1EB7D029005FC78E /* Sources */,
				5F2846DC1EB7D029005FC78E /* Frameworks */,
				5F2846DD1EB7D029005FC78E /* Resources */,
			);
			buildRules = (
			);
			dependencies = (
			);
			name = iHome;
			productName = iHome;
			productReference = 5F2846DF1EB7D029005FC78E /* iHome.app */;
			productType = "com.apple.product-type.application";
		};
		5F2846F51EB7D029005FC78E /* iHomeTests */ = {
			isa = PBXNativeTarget;
			buildConfigurationList = 5F28470D1EB7D029005FC78E /* Build configuration list for PBXNativeTarget "iHomeTests" */;
			buildPhases = (
				5F2846F21EB7D029005FC78E /* Sources */,
				5F2846F31EB7D029005FC78E /* Frameworks */,
				5F2846F41EB7D029005FC78E /* Resources */,
			);
			buildRules = (
			);
			dependencies = (
				5F2846F81EB7D029005FC78E /* PBXTargetDependency */,
			);
			name = iHomeTests;
			productName = iHomeTests;
			productReference = 5F2846F61EB7D029005FC78E /* iHomeTests.xctest */;
			productType = "com.apple.product-type.bundle.unit-test";
		};
		5F2847001EB7D029005FC78E /* iHomeUITests */ = {
			isa = PBXNativeTarget;
			buildConfigurationList = 5F2847101EB7D029005FC78E /* Build configuration list for PBXNativeTarget "iHomeUITests" */;
			buildPhases = (
				5F2846FD1EB7D029005FC78E /* Sources */,
				5F2846FE1EB7D029005FC78E /* Frameworks */,
				5F2846FF1EB7D029005FC78E /* Resources */,
			);
			buildRules = (
			);
			dependencies = (
				5F2847031EB7D029005FC78E /* PBXTargetDependency */,
			);
			name = iHomeUITests;
			productName = iHomeUITests;
			productReference = 5F2847011EB7D029005FC78E /* iHomeUITests.xctest */;
			productType = "com.apple.product-type.bundle.ui-testing";
		};
/* End PBXNativeTarget section */

/* Begin PBXProject section */
		5F2846D71EB7D029005FC78E /* Project object */ = {
			isa = PBXProject;
			attributes = {
				LastSwiftUpdateCheck = 0830;
				LastUpgradeCheck = 0830;
				ORGANIZATIONNAME = "Jeff Chang";
				TargetAttributes = {
					5F2846DE1EB7D029005FC78E = {
						CreatedOnToolsVersion = 8.3.2;
						LastSwiftMigration = 0830;
						ProvisioningStyle = Automatic;
					};
					5F2846F51EB7D029005FC78E = {
						CreatedOnToolsVersion = 8.3.2;
						ProvisioningStyle = Automatic;
						TestTargetID = 5F2846DE1EB7D029005FC78E;
					};
					5F2847001EB7D029005FC78E = {
						CreatedOnToolsVersion = 8.3.2;
						ProvisioningStyle = Automatic;
						TestTargetID = 5F2846DE1EB7D029005FC78E;
					};
				};
			};
			buildConfigurationList = 5F2846DA1EB7D029005FC78E /* Build configuration list for PBXProject "iHome" */;
			compatibilityVersion = "Xcode 3.2";
			developmentRegion = English;
			hasScannedForEncodings = 0;
			knownRegions = (
				en,
				Base,
			);
			mainGroup = 5F2846D61EB7D029005FC78E;
			productRefGroup = 5F2846E01EB7D029005FC78E /* Products */;
			projectDirPath = "";
			projectRoot = "";
			targets = (
				5F2846DE1EB7D029005FC78E /* iHome */,
				5F2846F51EB7D029005FC78E /* iHomeTests */,
				5F2847001EB7D029005FC78E /* iHomeUITests */,
			);
		};
/* End PBXProject section */

/* Begin PBXResourcesBuildPhase section */
		5F2846DD1EB7D029005FC78E /* Resources */ = {
			isa = PBXResourcesBuildPhase;
			buildActionMask = 2147483647;
			files = (
				5F2846F01EB7D029005FC78E /* LaunchScreen.storyboard in Resources */,
				5F2847171EB7D593005FC78E /* purpleGradient.jpg in Resources */,
				5F2846ED1EB7D029005FC78E /* Assets.xcassets in Resources */,
				5F2846E81EB7D029005FC78E /* Main.storyboard in Resources */,
			);
			runOnlyForDeploymentPostprocessing = 0;
		};
		5F2846F41EB7D029005FC78E /* Resources */ = {
			isa = PBXResourcesBuildPhase;
			buildActionMask = 2147483647;
			files = (
			);
			runOnlyForDeploymentPostprocessing = 0;
		};
		5F2846FF1EB7D029005FC78E /* Resources */ = {
			isa = PBXResourcesBuildPhase;
			buildActionMask = 2147483647;
			files = (
			);
			runOnlyForDeploymentPostprocessing = 0;
		};
/* End PBXResourcesBuildPhase section */

/* Begin PBXSourcesBuildPhase section */
		5F2846DB1EB7D029005FC78E /* Sources */ = {
			isa = PBXSourcesBuildPhase;
			buildActionMask = 2147483647;
			files = (
				5F2846E51EB7D029005FC78E /* ViewController.swift in Sources */,
				5F2847141EB7D297005FC78E /* LoginController.swift in Sources */,
				5F28472F1EB8E92D005FC78E /* HomeViewController.swift in Sources */,
				5F2847341EB8EF9D005FC78E /* SWRevealViewController.m in Sources */,
				5F28472D1EB7F9D7005FC78E /* MenuViewController.swift in Sources */,
				5F2846E31EB7D029005FC78E /* AppDelegate.swift in Sources */,
				5F2847291EB7F786005FC78E /* TableCell.swift in Sources */,
				5F2846EB1EB7D029005FC78E /* iHome.xcdatamodeld in Sources */,
			);
			runOnlyForDeploymentPostprocessing = 0;
		};
		5F2846F21EB7D029005FC78E /* Sources */ = {
			isa = PBXSourcesBuildPhase;
			buildActionMask = 2147483647;
			files = (
				5F2846FB1EB7D029005FC78E /* iHomeTests.swift in Sources */,
			);
			runOnlyForDeploymentPostprocessing = 0;
		};
		5F2846FD1EB7D029005FC78E /* Sources */ = {
			isa = PBXSourcesBuildPhase;
			buildActionMask = 2147483647;
			files = (
				5F2847061EB7D029005FC78E /* iHomeUITests.swift in Sources */,
			);
			runOnlyForDeploymentPostprocessing = 0;
		};
/* End PBXSourcesBuildPhase section */

/* Begin PBXTargetDependency section */
		5F2846F81EB7D029005FC78E /* PBXTargetDependency */ = {
			isa = PBXTargetDependency;
			target = 5F2846DE1EB7D029005FC78E /* iHome */;
			targetProxy = 5F2846F71EB7D029005FC78E /* PBXContainerItemProxy */;
		};
		5F2847031EB7D029005FC78E /* PBXTargetDependency */ = {
			isa = PBXTargetDependency;
			target = 5F2846DE1EB7D029005FC78E /* iHome */;
			targetProxy = 5F2847021EB7D029005FC78E /* PBXContainerItemProxy */;
		};
/* End PBXTargetDependency section */

/* Begin PBXVariantGroup section */
		5F2846E61EB7D029005FC78E /* Main.storyboard */ = {
			isa = PBXVariantGroup;
			children = (
				5F2846E71EB7D029005FC78E /* Base */,
			);
			name = Main.storyboard;
			sourceTree = "<group>";
		};
		5F2846EE1EB7D029005FC78E /* LaunchScreen.storyboard */ = {
			isa = PBXVariantGroup;
			children = (
				5F2846EF1EB7D029005FC78E /* Base */,
			);
			name = LaunchScreen.storyboard;
			sourceTree = "<group>";
		};
/* End PBXVariantGroup section */

/* Begin XCBuildConfiguration section */
		5F2847081EB7D029005FC78E /* Debug */ = {
			isa = XCBuildConfiguration;
			buildSettings = {
				ALWAYS_SEARCH_USER_PATHS = NO;
				CLANG_ANALYZER_NONNULL = YES;
				CLANG_ANALYZER_NUMBER_OBJECT_CONVERSION = YES_AGGRESSIVE;
				CLANG_CXX_LANGUAGE_STANDARD = "gnu++0x";
				CLANG_CXX_LIBRARY = "libc++";
				CLANG_ENABLE_MODULES = YES;
				CLANG_ENABLE_OBJC_ARC = YES;
				CLANG_WARN_BOOL_CONVERSION = YES;
				CLANG_WARN_CONSTANT_CONVERSION = YES;
				CLANG_WARN_DIRECT_OBJC_ISA_USAGE = YES_ERROR;
				CLANG_WARN_DOCUMENTATION_COMMENTS = YES;
				CLANG_WARN_EMPTY_BODY = YES;
				CLANG_WARN_ENUM_CONVERSION = YES;
				CLANG_WARN_INFINITE_RECURSION = YES;
				CLANG_WARN_INT_CONVERSION = YES;
				CLANG_WARN_OBJC_ROOT_CLASS = YES_ERROR;
				CLANG_WARN_SUSPICIOUS_MOVE = YES;
				CLANG_WARN_UNREACHABLE_CODE = YES;
				CLANG_WARN__DUPLICATE_METHOD_MATCH = YES;
				"CODE_SIGN_IDENTITY[sdk=iphoneos*]" = "iPhone Developer";
				COPY_PHASE_STRIP = NO;
				DEBUG_INFORMATION_FORMAT = dwarf;
				ENABLE_STRICT_OBJC_MSGSEND = YES;
				ENABLE_TESTABILITY = YES;
				GCC_C_LANGUAGE_STANDARD = gnu99;
				GCC_DYNAMIC_NO_PIC = NO;
				GCC_NO_COMMON_BLOCKS = YES;
				GCC_OPTIMIZATION_LEVEL = 0;
				GCC_PREPROCESSOR_DEFINITIONS = (
					"DEBUG=1",
					"$(inherited)",
				);
				GCC_WARN_64_TO_32_BIT_CONVERSION = YES;
				GCC_WARN_ABOUT_RETURN_TYPE = YES_ERROR;
				GCC_WARN_UNDECLARED_SELECTOR = YES;
				GCC_WARN_UNINITIALIZED_AUTOS = YES_AGGRESSIVE;
				GCC_WARN_UNUSED_FUNCTION = YES;
				GCC_WARN_UNUSED_VARIABLE = YES;
				IPHONEOS_DEPLOYMENT_TARGET = 10.3;
				MTL_ENABLE_DEBUG_INFO = YES;
				ONLY_ACTIVE_ARCH = YES;
				SDKROOT = iphoneos;
				SWIFT_ACTIVE_COMPILATION_CONDITIONS = DEBUG;
				SWIFT_OPTIMIZATION_LEVEL = "-Onone";
				TARGETED_DEVICE_FAMILY = "1,2";
			};
			name = Debug;
		};
		5F2847091EB7D029005FC78E /* Release */ = {
			isa = XCBuildConfiguration;
			buildSettings = {
				ALWAYS_SEARCH_USER_PATHS = NO;
				CLANG_ANALYZER_NONNULL = YES;
				CLANG_ANALYZER_NUMBER_OBJECT_CONVERSION = YES_AGGRESSIVE;
				CLANG_CXX_LANGUAGE_STANDARD = "gnu++0x";
				CLANG_CXX_LIBRARY = "libc++";
				CLANG_ENABLE_MODULES = YES;
				CLANG_ENABLE_OBJC_ARC = YES;
				CLANG_WARN_BOOL_CONVERSION = YES;
				CLANG_WARN_CONSTANT_CONVERSION = YES;
				CLANG_WARN_DIRECT_OBJC_ISA_USAGE = YES_ERROR;
				CLANG_WARN_DOCUMENTATION_COMMENTS = YES;
				CLANG_WARN_EMPTY_BODY = YES;
				CLANG_WARN_ENUM_CONVERSION = YES;
				CLANG_WARN_INFINITE_RECURSION = YES;
				CLANG_WARN_INT_CONVERSION = YES;
				CLANG_WARN_OBJC_ROOT_CLASS = YES_ERROR;
				CLANG_WARN_SUSPICIOUS_MOVE = YES;
				CLANG_WARN_UNREACHABLE_CODE = YES;
				CLANG_WARN__DUPLICATE_METHOD_MATCH = YES;
				"CODE_SIGN_IDENTITY[sdk=iphoneos*]" = "iPhone Developer";
				COPY_PHASE_STRIP = NO;
				DEBUG_INFORMATION_FORMAT = "dwarf-with-dsym";
				ENABLE_NS_ASSERTIONS = NO;
				ENABLE_STRICT_OBJC_MSGSEND = YES;
				GCC_C_LANGUAGE_STANDARD = gnu99;
				GCC_NO_COMMON_BLOCKS = YES;
				GCC_WARN_64_TO_32_BIT_CONVERSION = YES;
				GCC_WARN_ABOUT_RETURN_TYPE = YES_ERROR;
				GCC_WARN_UNDECLARED_SELECTOR = YES;
				GCC_WARN_UNINITIALIZED_AUTOS = YES_AGGRESSIVE;
				GCC_WARN_UNUSED_FUNCTION = YES;
				GCC_WARN_UNUSED_VARIABLE = YES;
				IPHONEOS_DEPLOYMENT_TARGET = 10.3;
				MTL_ENABLE_DEBUG_INFO = NO;
				SDKROOT = iphoneos;
				SWIFT_OPTIMIZATION_LEVEL = "-Owholemodule";
				TARGETED_DEVICE_FAMILY = "1,2";
				VALIDATE_PRODUCT = YES;
			};
			name = Release;
		};
		5F28470B1EB7D029005FC78E /* Debug */ = {
			isa = XCBuildConfiguration;
			buildSettings = {
				ASSETCATALOG_COMPILER_APPICON_NAME = AppIcon;
				CLANG_ENABLE_MODULES = YES;
				INFOPLIST_FILE = iHome/Info.plist;
				LD_RUNPATH_SEARCH_PATHS = "$(inherited) @executable_path/Frameworks";
				PRODUCT_BUNDLE_IDENTIFIER = Chang.iHome;
				PRODUCT_NAME = "$(TARGET_NAME)";
				SWIFT_OBJC_BRIDGING_HEADER = "iHome-Bridging-Header.h";
				SWIFT_OPTIMIZATION_LEVEL = "-Onone";
				SWIFT_VERSION = 3.0;
			};
			name = Debug;
		};
		5F28470C1EB7D029005FC78E /* Release */ = {
			isa = XCBuildConfiguration;
			buildSettings = {
				ASSETCATALOG_COMPILER_APPICON_NAME = AppIcon;
				CLANG_ENABLE_MODULES = YES;
				INFOPLIST_FILE = iHome/Info.plist;
				LD_RUNPATH_SEARCH_PATHS = "$(inherited) @executable_path/Frameworks";
				PRODUCT_BUNDLE_IDENTIFIER = Chang.iHome;
				PRODUCT_NAME = "$(TARGET_NAME)";
				SWIFT_OBJC_BRIDGING_HEADER = "iHome-Bridging-Header.h";
				SWIFT_VERSION = 3.0;
			};
			name = Release;
		};
		5F28470E1EB7D029005FC78E /* Debug */ = {
			isa = XCBuildConfiguration;
			buildSettings = {
				ALWAYS_EMBED_SWIFT_STANDARD_LIBRARIES = YES;
				BUNDLE_LOADER = "$(TEST_HOST)";
				INFOPLIST_FILE = iHomeTests/Info.plist;
				LD_RUNPATH_SEARCH_PATHS = "$(inherited) @executable_path/Frameworks @loader_path/Frameworks";
				PRODUCT_BUNDLE_IDENTIFIER = Chang.iHomeTests;
				PRODUCT_NAME = "$(TARGET_NAME)";
				SWIFT_VERSION = 3.0;
				TEST_HOST = "$(BUILT_PRODUCTS_DIR)/iHome.app/iHome";
			};
			name = Debug;
		};
		5F28470F1EB7D029005FC78E /* Release */ = {
			isa = XCBuildConfiguration;
			buildSettings = {
				ALWAYS_EMBED_SWIFT_STANDARD_LIBRARIES = YES;
				BUNDLE_LOADER = "$(TEST_HOST)";
				INFOPLIST_FILE = iHomeTests/Info.plist;
				LD_RUNPATH_SEARCH_PATHS = "$(inherited) @executable_path/Frameworks @loader_path/Frameworks";
				PRODUCT_BUNDLE_IDENTIFIER = Chang.iHomeTests;
				PRODUCT_NAME = "$(TARGET_NAME)";
				SWIFT_VERSION = 3.0;
				TEST_HOST = "$(BUILT_PRODUCTS_DIR)/iHome.app/iHome";
			};
			name = Release;
		};
		5F2847111EB7D029005FC78E /* Debug */ = {
			isa = XCBuildConfiguration;
			buildSettings = {
				ALWAYS_EMBED_SWIFT_STANDARD_LIBRARIES = YES;
				INFOPLIST_FILE = iHomeUITests/Info.plist;
				LD_RUNPATH_SEARCH_PATHS = "$(inherited) @executable_path/Frameworks @loader_path/Frameworks";
				PRODUCT_BUNDLE_IDENTIFIER = Chang.iHomeUITests;
				PRODUCT_NAME = "$(TARGET_NAME)";
				SWIFT_VERSION = 3.0;
				TEST_TARGET_NAME = iHome;
			};
			name = Debug;
		};
		5F2847121EB7D029005FC78E /* Release */ = {
			isa = XCBuildConfiguration;
			buildSettings = {
				ALWAYS_EMBED_SWIFT_STANDARD_LIBRARIES = YES;
				INFOPLIST_FILE = iHomeUITests/Info.plist;
				LD_RUNPATH_SEARCH_PATHS = "$(inherited) @executable_path/Frameworks @loader_path/Frameworks";
				PRODUCT_BUNDLE_IDENTIFIER = Chang.iHomeUITests;
				PRODUCT_NAME = "$(TARGET_NAME)";
				SWIFT_VERSION = 3.0;
				TEST_TARGET_NAME = iHome;
			};
			name = Release;
		};
/* End XCBuildConfiguration section */

/* Begin XCConfigurationList section */
		5F2846DA1EB7D029005FC78E /* Build configuration list for PBXProject "iHome" */ = {
			isa = XCConfigurationList;
			buildConfigurations = (
				5F2847081EB7D029005FC78E /* Debug */,
				5F2847091EB7D029005FC78E /* Release */,
			);
			defaultConfigurationIsVisible = 0;
			defaultConfigurationName = Release;
		};
		5F28470A1EB7D029005FC78E /* Build configuration list for PBXNativeTarget "iHome" */ = {
			isa = XCConfigurationList;
			buildConfigurations = (
				5F28470B1EB7D029005FC78E /* Debug */,
				5F28470C1EB7D029005FC78E /* Release */,
			);
			defaultConfigurationIsVisible = 0;
		};
		5F28470D1EB7D029005FC78E /* Build configuration list for PBXNativeTarget "iHomeTests" */ = {
			isa = XCConfigurationList;
			buildConfigurations = (
				5F28470E1EB7D029005FC78E /* Debug */,
				5F28470F1EB7D029005FC78E /* Release */,
			);
			defaultConfigurationIsVisible = 0;
		};
		5F2847101EB7D029005FC78E /* Build configuration list for PBXNativeTarget "iHomeUITests" */ = {
			isa = XCConfigurationList;
			buildConfigurations = (
				5F2847111EB7D029005FC78E /* Debug */,
				5F2847121EB7D029005FC78E /* Release */,
			);
			defaultConfigurationIsVisible = 0;
		};
/* End XCConfigurationList section */

/* Begin XCVersionGroup section */
		5F2846E91EB7D029005FC78E /* iHome.xcdatamodeld */ = {
			isa = XCVersionGroup;
			children = (
				5F2846EA1EB7D029005FC78E /* iHome.xcdatamodel */,
			);
			currentVersion = 5F2846EA1EB7D029005FC78E /* iHome.xcdatamodel */;
			path = iHome.xcdatamodeld;
			sourceTree = "<group>";
			versionGroupType = wrapper.xcdatamodel;
		};
/* End XCVersionGroup section */
	};
	rootObject = 5F2846D71EB7D029005FC78E /* Project object */;
}
