// !$*UTF8*$!
{
	archiveVersion = 1;
	classes = {
	};
	objectVersion = 46;
	objects = {

/* Begin PBXBuildFile section */
		01D12B1728FC0506DE09EC0C /* Pods_iHomeTests.framework in Frameworks */ = {isa = PBXBuildFile; fileRef = B84E04A75F84D7583E542B8A /* Pods_iHomeTests.framework */; };
		47209D03A3627355AE8219F5 /* Pods_iHome.framework in Frameworks */ = {isa = PBXBuildFile; fileRef = 2BE7A7D85F7A3F697B085241 /* Pods_iHome.framework */; };
		5F265D531EC22D540008B4AE /* emulogic.ttf in Resources */ = {isa = PBXBuildFile; fileRef = 5F265D521EC22D540008B4AE /* emulogic.ttf */; };
		5F265D551EC22E4E0008B4AE /* Styles.swift in Sources */ = {isa = PBXBuildFile; fileRef = 5F265D541EC22E4E0008B4AE /* Styles.swift */; };
		5F265D571EC23FC40008B4AE /* APIClient.swift in Sources */ = {isa = PBXBuildFile; fileRef = 5F265D561EC23FC40008B4AE /* APIClient.swift */; };
		5F265D591EC2603B0008B4AE /* BlindsResult.swift in Sources */ = {isa = PBXBuildFile; fileRef = 5F265D581EC2603B0008B4AE /* BlindsResult.swift */; };
		5F265D5D1EC2656E0008B4AE /* DemoPerson.swift in Sources */ = {isa = PBXBuildFile; fileRef = 5F265D5C1EC2656E0008B4AE /* DemoPerson.swift */; };
		5F265D5F1EC265A10008B4AE /* Person.swift in Sources */ = {isa = PBXBuildFile; fileRef = 5F265D5E1EC265A10008B4AE /* Person.swift */; };
		5F265D611EC265FC0008B4AE /* DemoDelegate.swift in Sources */ = {isa = PBXBuildFile; fileRef = 5F265D601EC265FC0008B4AE /* DemoDelegate.swift */; };
		5F2846E31EB7D029005FC78E /* AppDelegate.swift in Sources */ = {isa = PBXBuildFile; fileRef = 5F2846E21EB7D029005FC78E /* AppDelegate.swift */; };
		5F2846E51EB7D029005FC78E /* HomeController.swift in Sources */ = {isa = PBXBuildFile; fileRef = 5F2846E41EB7D029005FC78E /* HomeController.swift */; };
		5F2846E81EB7D029005FC78E /* Main.storyboard in Resources */ = {isa = PBXBuildFile; fileRef = 5F2846E61EB7D029005FC78E /* Main.storyboard */; };
		5F2846EB1EB7D029005FC78E /* iHome.xcdatamodeld in Sources */ = {isa = PBXBuildFile; fileRef = 5F2846E91EB7D029005FC78E /* iHome.xcdatamodeld */; };
		5F2846ED1EB7D029005FC78E /* Assets.xcassets in Resources */ = {isa = PBXBuildFile; fileRef = 5F2846EC1EB7D029005FC78E /* Assets.xcassets */; };
		5F2846F01EB7D029005FC78E /* LaunchScreen.storyboard in Resources */ = {isa = PBXBuildFile; fileRef = 5F2846EE1EB7D029005FC78E /* LaunchScreen.storyboard */; };
		5F2846FB1EB7D029005FC78E /* iHomeTests.swift in Sources */ = {isa = PBXBuildFile; fileRef = 5F2846FA1EB7D029005FC78E /* iHomeTests.swift */; };
		5F2847061EB7D029005FC78E /* iHomeUITests.swift in Sources */ = {isa = PBXBuildFile; fileRef = 5F2847051EB7D029005FC78E /* iHomeUITests.swift */; };
		5F2847141EB7D297005FC78E /* LoginController.swift in Sources */ = {isa = PBXBuildFile; fileRef = 5F2847131EB7D297005FC78E /* LoginController.swift */; };
		5F2847291EB7F786005FC78E /* TableCell.swift in Sources */ = {isa = PBXBuildFile; fileRef = 5F2847281EB7F786005FC78E /* TableCell.swift */; };
		5F28472D1EB7F9D7005FC78E /* MenuViewController.swift in Sources */ = {isa = PBXBuildFile; fileRef = 5F28472C1EB7F9D7005FC78E /* MenuViewController.swift */; };
		5F28472F1EB8E92D005FC78E /* LightBulbViewController.swift in Sources */ = {isa = PBXBuildFile; fileRef = 5F28472E1EB8E92D005FC78E /* LightBulbViewController.swift */; };
		5F28473A1EB93874005FC78E /* Localizable.strings in Resources */ = {isa = PBXBuildFile; fileRef = 5F2847391EB93874005FC78E /* Localizable.strings */; };
		5F28473F1EBA3E41005FC78E /* NetworkRouter.swift in Sources */ = {isa = PBXBuildFile; fileRef = 5F28473E1EBA3E41005FC78E /* NetworkRouter.swift */; };
		5F2847411EBA90BE005FC78E /* BlindsViewController.swift in Sources */ = {isa = PBXBuildFile; fileRef = 5F2847401EBA90BE005FC78E /* BlindsViewController.swift */; };
		5F2847441EBA9E9F005FC78E /* LightsModel.swift in Sources */ = {isa = PBXBuildFile; fileRef = 5F2847431EBA9E9F005FC78E /* LightsModel.swift */; };
		5F2847461EBAA00B005FC78E /* BlindsModel.swift in Sources */ = {isa = PBXBuildFile; fileRef = 5F2847451EBAA00B005FC78E /* BlindsModel.swift */; };
		5F28474B1EBAA098005FC78E /* LightsService.swift in Sources */ = {isa = PBXBuildFile; fileRef = 5F28474A1EBAA098005FC78E /* LightsService.swift */; };
		5F2847521EBAA5F8005FC78E /* UIViewControllerExtension.swift in Sources */ = {isa = PBXBuildFile; fileRef = 5F2847511EBAA5F8005FC78E /* UIViewControllerExtension.swift */; };
		5F2847541EBB892B005FC78E /* LightsResult.swift in Sources */ = {isa = PBXBuildFile; fileRef = 5F2847531EBB892B005FC78E /* LightsResult.swift */; };
		5F40B4011EC5330B00E0D1A2 /* Authentication.swift in Sources */ = {isa = PBXBuildFile; fileRef = 5F40B4001EC5330B00E0D1A2 /* Authentication.swift */; };
		5F418ED91EBBA9CD00392EE6 /* AuthModel.swift in Sources */ = {isa = PBXBuildFile; fileRef = 5F418ED81EBBA9CD00392EE6 /* AuthModel.swift */; };
		5F477B6B1EC3766A00559F91 /* UIFontExtension.swift in Sources */ = {isa = PBXBuildFile; fileRef = 5F477B6A1EC3766A00559F91 /* UIFontExtension.swift */; };
		5F65AAAC1EBCFD75006F0CC6 /* RegisterViewController.swift in Sources */ = {isa = PBXBuildFile; fileRef = 5F65AAAB1EBCFD75006F0CC6 /* RegisterViewController.swift */; };
		5F65AAAE1EBD0376006F0CC6 /* StringExtension.swift in Sources */ = {isa = PBXBuildFile; fileRef = 5F65AAAD1EBD0376006F0CC6 /* StringExtension.swift */; };
		5F68985C1EC11EE9005F1F0A /* KeychainService.swift in Sources */ = {isa = PBXBuildFile; fileRef = 5F68985B1EC11EE9005F1F0A /* KeychainService.swift */; };
		5FB1B8C31EBD4D0D00E033D8 /* UIViewAnimationExtension.swift in Sources */ = {isa = PBXBuildFile; fileRef = 5FB1B8C21EBD4D0D00E033D8 /* UIViewAnimationExtension.swift */; };
		5FD172EF1EC122BD00F8802B /* BlindsService.swift in Sources */ = {isa = PBXBuildFile; fileRef = 5FD172EE1EC122BD00F8802B /* BlindsService.swift */; };
		5FD172F11EC127EF00F8802B /* NotificationService.swift in Sources */ = {isa = PBXBuildFile; fileRef = 5FD172F01EC127EF00F8802B /* NotificationService.swift */; };
		5FD172F31EC12E0000F8802B /* NotificationType.swift in Sources */ = {isa = PBXBuildFile; fileRef = 5FD172F21EC12E0000F8802B /* NotificationType.swift */; };
		D425031A1AD505CFF8128F78 /* Pods_iHomeUITests.framework in Frameworks */ = {isa = PBXBuildFile; fileRef = 72DBF711EC5357A222EE46AB /* Pods_iHomeUITests.framework */; };
/* End PBXBuildFile section */

/* Begin PBXContainerItemProxy section */
		5F2846F71EB7D029005FC78E /* PBXContainerItemProxy */ = {
			isa = PBXContainerItemProxy;
			containerPortal = 5F2846D71EB7D029005FC78E /* Project object */;
			proxyType = 1;
			remoteGlobalIDString = 5F2846DE1EB7D029005FC78E;
			remoteInfo = iHome;
		};
		5F2847021EB7D029005FC78E /* PBXContainerItemProxy */ = {
			isa = PBXContainerItemProxy;
			containerPortal = 5F2846D71EB7D029005FC78E /* Project object */;
			proxyType = 1;
			remoteGlobalIDString = 5F2846DE1EB7D029005FC78E;
			remoteInfo = iHome;
		};
/* End PBXContainerItemProxy section */

/* Begin PBXFileReference section */
		20AFAEF18E34ACA3F9147964 /* Pods-iHomeUITests.debug.xcconfig */ = {isa = PBXFileReference; includeInIndex = 1; lastKnownFileType = text.xcconfig; name = "Pods-iHomeUITests.debug.xcconfig"; path = "Pods/Target Support Files/Pods-iHomeUITests/Pods-iHomeUITests.debug.xcconfig"; sourceTree = "<group>"; };
		2BE7A7D85F7A3F697B085241 /* Pods_iHome.framework */ = {isa = PBXFileReference; explicitFileType = wrapper.framework; includeInIndex = 0; path = Pods_iHome.framework; sourceTree = BUILT_PRODUCTS_DIR; };
		2E32AF91C18D4B481DA95D31 /* Pods-iHome.debug.xcconfig */ = {isa = PBXFileReference; includeInIndex = 1; lastKnownFileType = text.xcconfig; name = "Pods-iHome.debug.xcconfig"; path = "Pods/Target Support Files/Pods-iHome/Pods-iHome.debug.xcconfig"; sourceTree = "<group>"; };
		5B93183428691FD8E5F4FEC7 /* Pods-iHomeTests.release.xcconfig */ = {isa = PBXFileReference; includeInIndex = 1; lastKnownFileType = text.xcconfig; name = "Pods-iHomeTests.release.xcconfig"; path = "Pods/Target Support Files/Pods-iHomeTests/Pods-iHomeTests.release.xcconfig"; sourceTree = "<group>"; };
		5F265D521EC22D540008B4AE /* emulogic.ttf */ = {isa = PBXFileReference; lastKnownFileType = file; path = emulogic.ttf; sourceTree = "<group>"; };
		5F265D541EC22E4E0008B4AE /* Styles.swift */ = {isa = PBXFileReference; fileEncoding = 4; lastKnownFileType = sourcecode.swift; path = Styles.swift; sourceTree = "<group>"; };
		5F265D561EC23FC40008B4AE /* APIClient.swift */ = {isa = PBXFileReference; fileEncoding = 4; lastKnownFileType = sourcecode.swift; path = APIClient.swift; sourceTree = "<group>"; };
		5F265D581EC2603B0008B4AE /* BlindsResult.swift */ = {isa = PBXFileReference; fileEncoding = 4; lastKnownFileType = sourcecode.swift; path = BlindsResult.swift; sourceTree = "<group>"; };
		5F265D5C1EC2656E0008B4AE /* DemoPerson.swift */ = {isa = PBXFileReference; fileEncoding = 4; lastKnownFileType = sourcecode.swift; path = DemoPerson.swift; sourceTree = "<group>"; };
		5F265D5E1EC265A10008B4AE /* Person.swift */ = {isa = PBXFileReference; fileEncoding = 4; lastKnownFileType = sourcecode.swift; path = Person.swift; sourceTree = "<group>"; };
		5F265D601EC265FC0008B4AE /* DemoDelegate.swift */ = {isa = PBXFileReference; fileEncoding = 4; lastKnownFileType = sourcecode.swift; path = DemoDelegate.swift; sourceTree = "<group>"; };
		5F2846DF1EB7D029005FC78E /* iHome.app */ = {isa = PBXFileReference; explicitFileType = wrapper.application; includeInIndex = 0; path = iHome.app; sourceTree = BUILT_PRODUCTS_DIR; };
		5F2846E21EB7D029005FC78E /* AppDelegate.swift */ = {isa = PBXFileReference; lastKnownFileType = sourcecode.swift; path = AppDelegate.swift; sourceTree = "<group>"; };
		5F2846E41EB7D029005FC78E /* HomeController.swift */ = {isa = PBXFileReference; lastKnownFileType = sourcecode.swift; path = HomeController.swift; sourceTree = "<group>"; };
		5F2846E71EB7D029005FC78E /* Base */ = {isa = PBXFileReference; lastKnownFileType = file.storyboard; name = Base; path = Base.lproj/Main.storyboard; sourceTree = "<group>"; };
		5F2846EA1EB7D029005FC78E /* iHome.xcdatamodel */ = {isa = PBXFileReference; lastKnownFileType = wrapper.xcdatamodel; path = iHome.xcdatamodel; sourceTree = "<group>"; };
		5F2846EC1EB7D029005FC78E /* Assets.xcassets */ = {isa = PBXFileReference; lastKnownFileType = folder.assetcatalog; path = Assets.xcassets; sourceTree = "<group>"; };
		5F2846EF1EB7D029005FC78E /* Base */ = {isa = PBXFileReference; lastKnownFileType = file.storyboard; name = Base; path = Base.lproj/LaunchScreen.storyboard; sourceTree = "<group>"; };
		5F2846F11EB7D029005FC78E /* Info.plist */ = {isa = PBXFileReference; lastKnownFileType = text.plist.xml; path = Info.plist; sourceTree = "<group>"; };
		5F2846F61EB7D029005FC78E /* iHomeTests.xctest */ = {isa = PBXFileReference; explicitFileType = wrapper.cfbundle; includeInIndex = 0; path = iHomeTests.xctest; sourceTree = BUILT_PRODUCTS_DIR; };
		5F2846FA1EB7D029005FC78E /* iHomeTests.swift */ = {isa = PBXFileReference; lastKnownFileType = sourcecode.swift; path = iHomeTests.swift; sourceTree = "<group>"; };
		5F2846FC1EB7D029005FC78E /* Info.plist */ = {isa = PBXFileReference; lastKnownFileType = text.plist.xml; path = Info.plist; sourceTree = "<group>"; };
		5F2847011EB7D029005FC78E /* iHomeUITests.xctest */ = {isa = PBXFileReference; explicitFileType = wrapper.cfbundle; includeInIndex = 0; path = iHomeUITests.xctest; sourceTree = BUILT_PRODUCTS_DIR; };
		5F2847051EB7D029005FC78E /* iHomeUITests.swift */ = {isa = PBXFileReference; lastKnownFileType = sourcecode.swift; path = iHomeUITests.swift; sourceTree = "<group>"; };
		5F2847071EB7D029005FC78E /* Info.plist */ = {isa = PBXFileReference; lastKnownFileType = text.plist.xml; path = Info.plist; sourceTree = "<group>"; };
		5F2847131EB7D297005FC78E /* LoginController.swift */ = {isa = PBXFileReference; fileEncoding = 4; lastKnownFileType = sourcecode.swift; path = LoginController.swift; sourceTree = "<group>"; };
		5F2847281EB7F786005FC78E /* TableCell.swift */ = {isa = PBXFileReference; fileEncoding = 4; lastKnownFileType = sourcecode.swift; path = TableCell.swift; sourceTree = "<group>"; };
		5F28472C1EB7F9D7005FC78E /* MenuViewController.swift */ = {isa = PBXFileReference; fileEncoding = 4; lastKnownFileType = sourcecode.swift; path = MenuViewController.swift; sourceTree = "<group>"; };
		5F28472E1EB8E92D005FC78E /* LightBulbViewController.swift */ = {isa = PBXFileReference; fileEncoding = 4; lastKnownFileType = sourcecode.swift; path = LightBulbViewController.swift; sourceTree = "<group>"; };
		5F2847391EB93874005FC78E /* Localizable.strings */ = {isa = PBXFileReference; fileEncoding = 4; lastKnownFileType = text.plist.strings; path = Localizable.strings; sourceTree = "<group>"; };
		5F28473E1EBA3E41005FC78E /* NetworkRouter.swift */ = {isa = PBXFileReference; fileEncoding = 4; lastKnownFileType = sourcecode.swift; path = NetworkRouter.swift; sourceTree = "<group>"; };
		5F2847401EBA90BE005FC78E /* BlindsViewController.swift */ = {isa = PBXFileReference; fileEncoding = 4; lastKnownFileType = sourcecode.swift; path = BlindsViewController.swift; sourceTree = "<group>"; };
		5F2847431EBA9E9F005FC78E /* LightsModel.swift */ = {isa = PBXFileReference; fileEncoding = 4; lastKnownFileType = sourcecode.swift; path = LightsModel.swift; sourceTree = "<group>"; };
		5F2847451EBAA00B005FC78E /* BlindsModel.swift */ = {isa = PBXFileReference; fileEncoding = 4; lastKnownFileType = sourcecode.swift; path = BlindsModel.swift; sourceTree = "<group>"; };
		5F28474A1EBAA098005FC78E /* LightsService.swift */ = {isa = PBXFileReference; fileEncoding = 4; lastKnownFileType = sourcecode.swift; path = LightsService.swift; sourceTree = "<group>"; };
		5F2847511EBAA5F8005FC78E /* UIViewControllerExtension.swift */ = {isa = PBXFileReference; fileEncoding = 4; lastKnownFileType = sourcecode.swift; path = UIViewControllerExtension.swift; sourceTree = "<group>"; };
		5F2847531EBB892B005FC78E /* LightsResult.swift */ = {isa = PBXFileReference; fileEncoding = 4; lastKnownFileType = sourcecode.swift; path = LightsResult.swift; sourceTree = "<group>"; };
		5F40B4001EC5330B00E0D1A2 /* Authentication.swift */ = {isa = PBXFileReference; fileEncoding = 4; lastKnownFileType = sourcecode.swift; path = Authentication.swift; sourceTree = "<group>"; };
		5F418ED81EBBA9CD00392EE6 /* AuthModel.swift */ = {isa = PBXFileReference; fileEncoding = 4; lastKnownFileType = sourcecode.swift; path = AuthModel.swift; sourceTree = "<group>"; };
		5F477B6A1EC3766A00559F91 /* UIFontExtension.swift */ = {isa = PBXFileReference; fileEncoding = 4; lastKnownFileType = sourcecode.swift; path = UIFontExtension.swift; sourceTree = "<group>"; };
		5F65AAAB1EBCFD75006F0CC6 /* RegisterViewController.swift */ = {isa = PBXFileReference; fileEncoding = 4; lastKnownFileType = sourcecode.swift; path = RegisterViewController.swift; sourceTree = "<group>"; };
		5F65AAAD1EBD0376006F0CC6 /* StringExtension.swift */ = {isa = PBXFileReference; fileEncoding = 4; lastKnownFileType = sourcecode.swift; path = StringExtension.swift; sourceTree = "<group>"; };
		5F68985B1EC11EE9005F1F0A /* KeychainService.swift */ = {isa = PBXFileReference; fileEncoding = 4; lastKnownFileType = sourcecode.swift; path = KeychainService.swift; sourceTree = "<group>"; };
		5FB1B8C21EBD4D0D00E033D8 /* UIViewAnimationExtension.swift */ = {isa = PBXFileReference; fileEncoding = 4; lastKnownFileType = sourcecode.swift; path = UIViewAnimationExtension.swift; sourceTree = "<group>"; };
		5FD172EE1EC122BD00F8802B /* BlindsService.swift */ = {isa = PBXFileReference; fileEncoding = 4; lastKnownFileType = sourcecode.swift; path = BlindsService.swift; sourceTree = "<group>"; };
		5FD172F01EC127EF00F8802B /* NotificationService.swift */ = {isa = PBXFileReference; fileEncoding = 4; lastKnownFileType = sourcecode.swift; path = NotificationService.swift; sourceTree = "<group>"; };
		5FD172F21EC12E0000F8802B /* NotificationType.swift */ = {isa = PBXFileReference; fileEncoding = 4; lastKnownFileType = sourcecode.swift; path = NotificationType.swift; sourceTree = "<group>"; };
		72DBF711EC5357A222EE46AB /* Pods_iHomeUITests.framework */ = {isa = PBXFileReference; explicitFileType = wrapper.framework; includeInIndex = 0; path = Pods_iHomeUITests.framework; sourceTree = BUILT_PRODUCTS_DIR; };
		8950F6D9B89953D8BDF966AF /* Pods-iHomeTests.debug.xcconfig */ = {isa = PBXFileReference; includeInIndex = 1; lastKnownFileType = text.xcconfig; name = "Pods-iHomeTests.debug.xcconfig"; path = "Pods/Target Support Files/Pods-iHomeTests/Pods-iHomeTests.debug.xcconfig"; sourceTree = "<group>"; };
		8C336D346FFCEAFA8141FE69 /* Pods-iHome.release.xcconfig */ = {isa = PBXFileReference; includeInIndex = 1; lastKnownFileType = text.xcconfig; name = "Pods-iHome.release.xcconfig"; path = "Pods/Target Support Files/Pods-iHome/Pods-iHome.release.xcconfig"; sourceTree = "<group>"; };
		B84E04A75F84D7583E542B8A /* Pods_iHomeTests.framework */ = {isa = PBXFileReference; explicitFileType = wrapper.framework; includeInIndex = 0; path = Pods_iHomeTests.framework; sourceTree = BUILT_PRODUCTS_DIR; };
		BEB7ADFE073122A6B6B53160 /* Pods-iHomeUITests.release.xcconfig */ = {isa = PBXFileReference; includeInIndex = 1; lastKnownFileType = text.xcconfig; name = "Pods-iHomeUITests.release.xcconfig"; path = "Pods/Target Support Files/Pods-iHomeUITests/Pods-iHomeUITests.release.xcconfig"; sourceTree = "<group>"; };
/* End PBXFileReference section */

/* Begin PBXFrameworksBuildPhase section */
		5F2846DC1EB7D029005FC78E /* Frameworks */ = {
			isa = PBXFrameworksBuildPhase;
			buildActionMask = 2147483647;
			files = (
				47209D03A3627355AE8219F5 /* Pods_iHome.framework in Frameworks */,
			);
			runOnlyForDeploymentPostprocessing = 0;
		};
		5F2846F31EB7D029005FC78E /* Frameworks */ = {
			isa = PBXFrameworksBuildPhase;
			buildActionMask = 2147483647;
			files = (
				01D12B1728FC0506DE09EC0C /* Pods_iHomeTests.framework in Frameworks */,
			);
			runOnlyForDeploymentPostprocessing = 0;
		};
		5F2846FE1EB7D029005FC78E /* Frameworks */ = {
			isa = PBXFrameworksBuildPhase;
			buildActionMask = 2147483647;
			files = (
				D425031A1AD505CFF8128F78 /* Pods_iHomeUITests.framework in Frameworks */,
			);
			runOnlyForDeploymentPostprocessing = 0;
		};
/* End PBXFrameworksBuildPhase section */

/* Begin PBXGroup section */
		0E29087B14365380327DBA0A /* Pods */ = {
			isa = PBXGroup;
			children = (
				2E32AF91C18D4B481DA95D31 /* Pods-iHome.debug.xcconfig */,
				8C336D346FFCEAFA8141FE69 /* Pods-iHome.release.xcconfig */,
				8950F6D9B89953D8BDF966AF /* Pods-iHomeTests.debug.xcconfig */,
				5B93183428691FD8E5F4FEC7 /* Pods-iHomeTests.release.xcconfig */,
				20AFAEF18E34ACA3F9147964 /* Pods-iHomeUITests.debug.xcconfig */,
				BEB7ADFE073122A6B6B53160 /* Pods-iHomeUITests.release.xcconfig */,
			);
			name = Pods;
			sourceTree = "<group>";
		};
		2EE442651C286585E9C01E95 /* Frameworks */ = {
			isa = PBXGroup;
			children = (
				2BE7A7D85F7A3F697B085241 /* Pods_iHome.framework */,
				B84E04A75F84D7583E542B8A /* Pods_iHomeTests.framework */,
				72DBF711EC5357A222EE46AB /* Pods_iHomeUITests.framework */,
			);
			name = Frameworks;
			sourceTree = "<group>";
		};
		5F265D5A1EC2653C0008B4AE /* Protocols */ = {
			isa = PBXGroup;
			children = (
				5F265D5E1EC265A10008B4AE /* Person.swift */,
			);
			path = Protocols;
			sourceTree = "<group>";
		};
		5F2846D61EB7D029005FC78E = {
			isa = PBXGroup;
			children = (
				5F2846E11EB7D029005FC78E /* iHome */,
				5F2846F91EB7D029005FC78E /* iHomeTests */,
				5F2847041EB7D029005FC78E /* iHomeUITests */,
				5F2846E01EB7D029005FC78E /* Products */,
				0E29087B14365380327DBA0A /* Pods */,
				2EE442651C286585E9C01E95 /* Frameworks */,
			);
			sourceTree = "<group>";
		};
		5F2846E01EB7D029005FC78E /* Products */ = {
			isa = PBXGroup;
			children = (
				5F2846DF1EB7D029005FC78E /* iHome.app */,
				5F2846F61EB7D029005FC78E /* iHomeTests.xctest */,
				5F2847011EB7D029005FC78E /* iHomeUITests.xctest */,
			);
			name = Products;
			sourceTree = "<group>";
		};
		5F2846E11EB7D029005FC78E /* iHome */ = {
			isa = PBXGroup;
			children = (
				5F265D5A1EC2653C0008B4AE /* Protocols */,
				5F65AAB11EBD3381006F0CC6 /* Resources */,
				5F28474E1EBAA586005FC78E /* Extensions */,
				5F2847491EBAA083005FC78E /* Services */,
				5F2847421EBA9D98005FC78E /* Models */,
				5F28473D1EBA3B7F005FC78E /* Network */,
				5F28473C1EB94E31005FC78E /* NavigationTable */,
				5F28473B1EB94CE3005FC78E /* NavigationViews */,
				5F2846E21EB7D029005FC78E /* AppDelegate.swift */,
				5F2847131EB7D297005FC78E /* LoginController.swift */,
				5F2846E61EB7D029005FC78E /* Main.storyboard */,
				5F2846EC1EB7D029005FC78E /* Assets.xcassets */,
				5F2846EE1EB7D029005FC78E /* LaunchScreen.storyboard */,
				5F2846F11EB7D029005FC78E /* Info.plist */,
				5F2846E91EB7D029005FC78E /* iHome.xcdatamodeld */,
				5F2847391EB93874005FC78E /* Localizable.strings */,
			);
			path = iHome;
			sourceTree = "<group>";
		};
		5F2846F91EB7D029005FC78E /* iHomeTests */ = {
			isa = PBXGroup;
			children = (
				5F2846FA1EB7D029005FC78E /* iHomeTests.swift */,
				5F2846FC1EB7D029005FC78E /* Info.plist */,
			);
			path = iHomeTests;
			sourceTree = "<group>";
		};
		5F2847041EB7D029005FC78E /* iHomeUITests */ = {
			isa = PBXGroup;
			children = (
				5F2847051EB7D029005FC78E /* iHomeUITests.swift */,
				5F2847071EB7D029005FC78E /* Info.plist */,
			);
			path = iHomeUITests;
			sourceTree = "<group>";
		};
		5F28473B1EB94CE3005FC78E /* NavigationViews */ = {
			isa = PBXGroup;
			children = (
				5F28472E1EB8E92D005FC78E /* LightBulbViewController.swift */,
				5F2846E41EB7D029005FC78E /* HomeController.swift */,
				5F2847401EBA90BE005FC78E /* BlindsViewController.swift */,
				5F65AAAB1EBCFD75006F0CC6 /* RegisterViewController.swift */,
			);
			path = NavigationViews;
			sourceTree = "<group>";
		};
		5F28473C1EB94E31005FC78E /* NavigationTable */ = {
			isa = PBXGroup;
			children = (
				5F28472C1EB7F9D7005FC78E /* MenuViewController.swift */,
				5F2847281EB7F786005FC78E /* TableCell.swift */,
			);
			path = NavigationTable;
			sourceTree = "<group>";
		};
		5F28473D1EBA3B7F005FC78E /* Network */ = {
			isa = PBXGroup;
			children = (
				5F28473E1EBA3E41005FC78E /* NetworkRouter.swift */,
			);
			path = Network;
			sourceTree = "<group>";
		};
		5F2847421EBA9D98005FC78E /* Models */ = {
			isa = PBXGroup;
			children = (
				5F2847431EBA9E9F005FC78E /* LightsModel.swift */,
				5F2847451EBAA00B005FC78E /* BlindsModel.swift */,
				5F2847531EBB892B005FC78E /* LightsResult.swift */,
				5F418ED81EBBA9CD00392EE6 /* AuthModel.swift */,
				5FD172F21EC12E0000F8802B /* NotificationType.swift */,
				5F265D541EC22E4E0008B4AE /* Styles.swift */,
				5F265D581EC2603B0008B4AE /* BlindsResult.swift */,
				5F265D5C1EC2656E0008B4AE /* DemoPerson.swift */,
				5F265D601EC265FC0008B4AE /* DemoDelegate.swift */,
				5F40B4001EC5330B00E0D1A2 /* Authentication.swift */,
			);
			path = Models;
			sourceTree = "<group>";
		};
		5F2847491EBAA083005FC78E /* Services */ = {
			isa = PBXGroup;
			children = (
				5F28474A1EBAA098005FC78E /* LightsService.swift */,
				5F68985B1EC11EE9005F1F0A /* KeychainService.swift */,
				5FD172EE1EC122BD00F8802B /* BlindsService.swift */,
				5FD172F01EC127EF00F8802B /* NotificationService.swift */,
				5F265D561EC23FC40008B4AE /* APIClient.swift */,
			);
			name = Services;
			sourceTree = "<group>";
		};
		5F28474E1EBAA586005FC78E /* Extensions */ = {
			isa = PBXGroup;
			children = (
				5F2847511EBAA5F8005FC78E /* UIViewControllerExtension.swift */,
				5F65AAAD1EBD0376006F0CC6 /* StringExtension.swift */,
				5FB1B8C21EBD4D0D00E033D8 /* UIViewAnimationExtension.swift */,
				5F477B6A1EC3766A00559F91 /* UIFontExtension.swift */,
			);
			path = Extensions;
			sourceTree = "<group>";
		};
		5F65AAB11EBD3381006F0CC6 /* Resources */ = {
			isa = PBXGroup;
			children = (
				5F265D521EC22D540008B4AE /* emulogic.ttf */,
			);
			path = Resources;
			sourceTree = "<group>";
		};
/* End PBXGroup section */

/* Begin PBXNativeTarget section */
		5F2846DE1EB7D029005FC78E /* iHome */ = {
			isa = PBXNativeTarget;
			buildConfigurationList = 5F28470A1EB7D029005FC78E /* Build configuration list for PBXNativeTarget "iHome" */;
			buildPhases = (
				198EBEA523707F6BEB5FF091 /* [CP] Check Pods Manifest.lock */,
				5F2846DB1EB7D029005FC78E /* Sources */,
				5F2846DC1EB7D029005FC78E /* Frameworks */,
				5F2846DD1EB7D029005FC78E /* Resources */,
				5F6981EE40D97FAA4700C13C /* [CP] Embed Pods Frameworks */,
				B8E69DB6804E466EE4D4E27E /* [CP] Copy Pods Resources */,
			);
			buildRules = (
			);
			dependencies = (
			);
			name = iHome;
			productName = iHome;
			productReference = 5F2846DF1EB7D029005FC78E /* iHome.app */;
			productType = "com.apple.product-type.application";
		};
		5F2846F51EB7D029005FC78E /* iHomeTests */ = {
			isa = PBXNativeTarget;
			buildConfigurationList = 5F28470D1EB7D029005FC78E /* Build configuration list for PBXNativeTarget "iHomeTests" */;
			buildPhases = (
				DB03EBF8E5B6EDF4E1426EEC /* [CP] Check Pods Manifest.lock */,
				5F2846F21EB7D029005FC78E /* Sources */,
				5F2846F31EB7D029005FC78E /* Frameworks */,
				5F2846F41EB7D029005FC78E /* Resources */,
				DE8F453BBDE394593993E762 /* [CP] Embed Pods Frameworks */,
				68312C0FB48F74E07C6BCB43 /* [CP] Copy Pods Resources */,
			);
			buildRules = (
			);
			dependencies = (
				5F2846F81EB7D029005FC78E /* PBXTargetDependency */,
			);
			name = iHomeTests;
			productName = iHomeTests;
			productReference = 5F2846F61EB7D029005FC78E /* iHomeTests.xctest */;
			productType = "com.apple.product-type.bundle.unit-test";
		};
		5F2847001EB7D029005FC78E /* iHomeUITests */ = {
			isa = PBXNativeTarget;
			buildConfigurationList = 5F2847101EB7D029005FC78E /* Build configuration list for PBXNativeTarget "iHomeUITests" */;
			buildPhases = (
				5CDBDF1FA7E9837FF4BA0458 /* [CP] Check Pods Manifest.lock */,
				5F2846FD1EB7D029005FC78E /* Sources */,
				5F2846FE1EB7D029005FC78E /* Frameworks */,
				5F2846FF1EB7D029005FC78E /* Resources */,
				27BB7B560B34F421BF148A8E /* [CP] Embed Pods Frameworks */,
				5BF838D1BBA6C23106B52118 /* [CP] Copy Pods Resources */,
			);
			buildRules = (
			);
			dependencies = (
				5F2847031EB7D029005FC78E /* PBXTargetDependency */,
			);
			name = iHomeUITests;
			productName = iHomeUITests;
			productReference = 5F2847011EB7D029005FC78E /* iHomeUITests.xctest */;
			productType = "com.apple.product-type.bundle.ui-testing";
		};
/* End PBXNativeTarget section */

/* Begin PBXProject section */
		5F2846D71EB7D029005FC78E /* Project object */ = {
			isa = PBXProject;
			attributes = {
				LastSwiftUpdateCheck = 0830;
				LastUpgradeCheck = 0830;
				ORGANIZATIONNAME = "Jeff Chang";
				TargetAttributes = {
					5F2846DE1EB7D029005FC78E = {
						CreatedOnToolsVersion = 8.3.2;
						DevelopmentTeam = Q7V5PH8THE;
						LastSwiftMigration = 0830;
						ProvisioningStyle = Automatic;
					};
					5F2846F51EB7D029005FC78E = {
						CreatedOnToolsVersion = 8.3.2;
						ProvisioningStyle = Automatic;
						TestTargetID = 5F2846DE1EB7D029005FC78E;
					};
					5F2847001EB7D029005FC78E = {
						CreatedOnToolsVersion = 8.3.2;
						ProvisioningStyle = Automatic;
						TestTargetID = 5F2846DE1EB7D029005FC78E;
					};
				};
			};
			buildConfigurationList = 5F2846DA1EB7D029005FC78E /* Build configuration list for PBXProject "iHome" */;
			compatibilityVersion = "Xcode 3.2";
			developmentRegion = English;
			hasScannedForEncodings = 0;
			knownRegions = (
				en,
				Base,
			);
			mainGroup = 5F2846D61EB7D029005FC78E;
			productRefGroup = 5F2846E01EB7D029005FC78E /* Products */;
			projectDirPath = "";
			projectRoot = "";
			targets = (
				5F2846DE1EB7D029005FC78E /* iHome */,
				5F2846F51EB7D029005FC78E /* iHomeTests */,
				5F2847001EB7D029005FC78E /* iHomeUITests */,
			);
		};
/* End PBXProject section */

/* Begin PBXResourcesBuildPhase section */
		5F2846DD1EB7D029005FC78E /* Resources */ = {
			isa = PBXResourcesBuildPhase;
			buildActionMask = 2147483647;
			files = (
				5F2846F01EB7D029005FC78E /* LaunchScreen.storyboard in Resources */,
				5F28473A1EB93874005FC78E /* Localizable.strings in Resources */,
				5F265D531EC22D540008B4AE /* emulogic.ttf in Resources */,
				5F2846ED1EB7D029005FC78E /* Assets.xcassets in Resources */,
				5F2846E81EB7D029005FC78E /* Main.storyboard in Resources */,
			);
			runOnlyForDeploymentPostprocessing = 0;
		};
		5F2846F41EB7D029005FC78E /* Resources */ = {
			isa = PBXResourcesBuildPhase;
			buildActionMask = 2147483647;
			files = (
			);
			runOnlyForDeploymentPostprocessing = 0;
		};
		5F2846FF1EB7D029005FC78E /* Resources */ = {
			isa = PBXResourcesBuildPhase;
			buildActionMask = 2147483647;
			files = (
			);
			runOnlyForDeploymentPostprocessing = 0;
		};
/* End PBXResourcesBuildPhase section */

/* Begin PBXShellScriptBuildPhase section */
		198EBEA523707F6BEB5FF091 /* [CP] Check Pods Manifest.lock */ = {
			isa = PBXShellScriptBuildPhase;
			buildActionMask = 2147483647;
			files = (
			);
			inputPaths = (
			);
			name = "[CP] Check Pods Manifest.lock";
			outputPaths = (
			);
			runOnlyForDeploymentPostprocessing = 0;
			shellPath = /bin/sh;
			shellScript = "diff \"${PODS_PODFILE_DIR_PATH}/Podfile.lock\" \"${PODS_ROOT}/Manifest.lock\" > /dev/null\nif [ $? != 0 ] ; then\n    # print error to STDERR\n    echo \"error: The sandbox is not in sync with the Podfile.lock. Run 'pod install' or update your CocoaPods installation.\" >&2\n    exit 1\nfi\n";
			showEnvVarsInLog = 0;
		};
		27BB7B560B34F421BF148A8E /* [CP] Embed Pods Frameworks */ = {
			isa = PBXShellScriptBuildPhase;
			buildActionMask = 2147483647;
			files = (
			);
			inputPaths = (
			);
			name = "[CP] Embed Pods Frameworks";
			outputPaths = (
			);
			runOnlyForDeploymentPostprocessing = 0;
			shellPath = /bin/sh;
			shellScript = "\"${SRCROOT}/Pods/Target Support Files/Pods-iHomeUITests/Pods-iHomeUITests-frameworks.sh\"\n";
			showEnvVarsInLog = 0;
		};
		5BF838D1BBA6C23106B52118 /* [CP] Copy Pods Resources */ = {
			isa = PBXShellScriptBuildPhase;
			buildActionMask = 2147483647;
			files = (
			);
			inputPaths = (
			);
			name = "[CP] Copy Pods Resources";
			outputPaths = (
			);
			runOnlyForDeploymentPostprocessing = 0;
			shellPath = /bin/sh;
			shellScript = "\"${SRCROOT}/Pods/Target Support Files/Pods-iHomeUITests/Pods-iHomeUITests-resources.sh\"\n";
			showEnvVarsInLog = 0;
		};
		5CDBDF1FA7E9837FF4BA0458 /* [CP] Check Pods Manifest.lock */ = {
			isa = PBXShellScriptBuildPhase;
			buildActionMask = 2147483647;
			files = (
			);
			inputPaths = (
			);
			name = "[CP] Check Pods Manifest.lock";
			outputPaths = (
			);
			runOnlyForDeploymentPostprocessing = 0;
			shellPath = /bin/sh;
			shellScript = "diff \"${PODS_PODFILE_DIR_PATH}/Podfile.lock\" \"${PODS_ROOT}/Manifest.lock\" > /dev/null\nif [ $? != 0 ] ; then\n    # print error to STDERR\n    echo \"error: The sandbox is not in sync with the Podfile.lock. Run 'pod install' or update your CocoaPods installation.\" >&2\n    exit 1\nfi\n";
			showEnvVarsInLog = 0;
		};
		5F6981EE40D97FAA4700C13C /* [CP] Embed Pods Frameworks */ = {
			isa = PBXShellScriptBuildPhase;
			buildActionMask = 2147483647;
			files = (
			);
			inputPaths = (
			);
			name = "[CP] Embed Pods Frameworks";
			outputPaths = (
			);
			runOnlyForDeploymentPostprocessing = 0;
			shellPath = /bin/sh;
			shellScript = "\"${SRCROOT}/Pods/Target Support Files/Pods-iHome/Pods-iHome-frameworks.sh\"\n";
			showEnvVarsInLog = 0;
		};
		68312C0FB48F74E07C6BCB43 /* [CP] Copy Pods Resources */ = {
			isa = PBXShellScriptBuildPhase;
			buildActionMask = 2147483647;
			files = (
			);
			inputPaths = (
			);
			name = "[CP] Copy Pods Resources";
			outputPaths = (
			);
			runOnlyForDeploymentPostprocessing = 0;
			shellPath = /bin/sh;
			shellScript = "\"${SRCROOT}/Pods/Target Support Files/Pods-iHomeTests/Pods-iHomeTests-resources.sh\"\n";
			showEnvVarsInLog = 0;
		};
		B8E69DB6804E466EE4D4E27E /* [CP] Copy Pods Resources */ = {
			isa = PBXShellScriptBuildPhase;
			buildActionMask = 2147483647;
			files = (
			);
			inputPaths = (
			);
			name = "[CP] Copy Pods Resources";
			outputPaths = (
			);
			runOnlyForDeploymentPostprocessing = 0;
			shellPath = /bin/sh;
			shellScript = "\"${SRCROOT}/Pods/Target Support Files/Pods-iHome/Pods-iHome-resources.sh\"\n";
			showEnvVarsInLog = 0;
		};
		DB03EBF8E5B6EDF4E1426EEC /* [CP] Check Pods Manifest.lock */ = {
			isa = PBXShellScriptBuildPhase;
			buildActionMask = 2147483647;
			files = (
			);
			inputPaths = (
			);
			name = "[CP] Check Pods Manifest.lock";
			outputPaths = (
			);
			runOnlyForDeploymentPostprocessing = 0;
			shellPath = /bin/sh;
			shellScript = "diff \"${PODS_PODFILE_DIR_PATH}/Podfile.lock\" \"${PODS_ROOT}/Manifest.lock\" > /dev/null\nif [ $? != 0 ] ; then\n    # print error to STDERR\n    echo \"error: The sandbox is not in sync with the Podfile.lock. Run 'pod install' or update your CocoaPods installation.\" >&2\n    exit 1\nfi\n";
			showEnvVarsInLog = 0;
		};
		DE8F453BBDE394593993E762 /* [CP] Embed Pods Frameworks */ = {
			isa = PBXShellScriptBuildPhase;
			buildActionMask = 2147483647;
			files = (
			);
			inputPaths = (
			);
			name = "[CP] Embed Pods Frameworks";
			outputPaths = (
			);
			runOnlyForDeploymentPostprocessing = 0;
			shellPath = /bin/sh;
			shellScript = "\"${SRCROOT}/Pods/Target Support Files/Pods-iHomeTests/Pods-iHomeTests-frameworks.sh\"\n";
			showEnvVarsInLog = 0;
		};
/* End PBXShellScriptBuildPhase section */

/* Begin PBXSourcesBuildPhase section */
		5F2846DB1EB7D029005FC78E /* Sources */ = {
			isa = PBXSourcesBuildPhase;
			buildActionMask = 2147483647;
			files = (
				5F265D5D1EC2656E0008B4AE /* DemoPerson.swift in Sources */,
				5F2847441EBA9E9F005FC78E /* LightsModel.swift in Sources */,
				5F2846E51EB7D029005FC78E /* HomeController.swift in Sources */,
				5F28474B1EBAA098005FC78E /* LightsService.swift in Sources */,
				5F265D571EC23FC40008B4AE /* APIClient.swift in Sources */,
				5F2847141EB7D297005FC78E /* LoginController.swift in Sources */,
				5F28473F1EBA3E41005FC78E /* NetworkRouter.swift in Sources */,
				5F265D5F1EC265A10008B4AE /* Person.swift in Sources */,
				5FB1B8C31EBD4D0D00E033D8 /* UIViewAnimationExtension.swift in Sources */,
				5F265D551EC22E4E0008B4AE /* Styles.swift in Sources */,
				5F28472F1EB8E92D005FC78E /* LightBulbViewController.swift in Sources */,
				5F28472D1EB7F9D7005FC78E /* MenuViewController.swift in Sources */,
				5F2846E31EB7D029005FC78E /* AppDelegate.swift in Sources */,
				5F65AAAE1EBD0376006F0CC6 /* StringExtension.swift in Sources */,
				5F2847291EB7F786005FC78E /* TableCell.swift in Sources */,
				5FD172EF1EC122BD00F8802B /* BlindsService.swift in Sources */,
				5F2847521EBAA5F8005FC78E /* UIViewControllerExtension.swift in Sources */,
				5F477B6B1EC3766A00559F91 /* UIFontExtension.swift in Sources */,
				5F2847461EBAA00B005FC78E /* BlindsModel.swift in Sources */,
				5F265D591EC2603B0008B4AE /* BlindsResult.swift in Sources */,
				5F65AAAC1EBCFD75006F0CC6 /* RegisterViewController.swift in Sources */,
				5F68985C1EC11EE9005F1F0A /* KeychainService.swift in Sources */,
				5F265D611EC265FC0008B4AE /* DemoDelegate.swift in Sources */,
				5F40B4011EC5330B00E0D1A2 /* Authentication.swift in Sources */,
				5FD172F11EC127EF00F8802B /* NotificationService.swift in Sources */,
				5F2846EB1EB7D029005FC78E /* iHome.xcdatamodeld in Sources */,
				5F2847411EBA90BE005FC78E /* BlindsViewController.swift in Sources */,
				5F2847541EBB892B005FC78E /* LightsResult.swift in Sources */,
				5FD172F31EC12E0000F8802B /* NotificationType.swift in Sources */,
				5F418ED91EBBA9CD00392EE6 /* AuthModel.swift in Sources */,
			);
			runOnlyForDeploymentPostprocessing = 0;
		};
		5F2846F21EB7D029005FC78E /* Sources */ = {
			isa = PBXSourcesBuildPhase;
			buildActionMask = 2147483647;
			files = (
				5F2846FB1EB7D029005FC78E /* iHomeTests.swift in Sources */,
			);
			runOnlyForDeploymentPostprocessing = 0;
		};
		5F2846FD1EB7D029005FC78E /* Sources */ = {
			isa = PBXSourcesBuildPhase;
			buildActionMask = 2147483647;
			files = (
				5F2847061EB7D029005FC78E /* iHomeUITests.swift in Sources */,
			);
			runOnlyForDeploymentPostprocessing = 0;
		};
/* End PBXSourcesBuildPhase section */

/* Begin PBXTargetDependency section */
		5F2846F81EB7D029005FC78E /* PBXTargetDependency */ = {
			isa = PBXTargetDependency;
			target = 5F2846DE1EB7D029005FC78E /* iHome */;
			targetProxy = 5F2846F71EB7D029005FC78E /* PBXContainerItemProxy */;
		};
		5F2847031EB7D029005FC78E /* PBXTargetDependency */ = {
			isa = PBXTargetDependency;
			target = 5F2846DE1EB7D029005FC78E /* iHome */;
			targetProxy = 5F2847021EB7D029005FC78E /* PBXContainerItemProxy */;
		};
/* End PBXTargetDependency section */

/* Begin PBXVariantGroup section */
		5F2846E61EB7D029005FC78E /* Main.storyboard */ = {
			isa = PBXVariantGroup;
			children = (
				5F2846E71EB7D029005FC78E /* Base */,
			);
			name = Main.storyboard;
			sourceTree = "<group>";
		};
		5F2846EE1EB7D029005FC78E /* LaunchScreen.storyboard */ = {
			isa = PBXVariantGroup;
			children = (
				5F2846EF1EB7D029005FC78E /* Base */,
			);
			name = LaunchScreen.storyboard;
			sourceTree = "<group>";
		};
/* End PBXVariantGroup section */

/* Begin XCBuildConfiguration section */
		5F2847081EB7D029005FC78E /* Debug */ = {
			isa = XCBuildConfiguration;
			buildSettings = {
				ALWAYS_SEARCH_USER_PATHS = NO;
				CLANG_ANALYZER_NONNULL = YES;
				CLANG_ANALYZER_NUMBER_OBJECT_CONVERSION = YES_AGGRESSIVE;
				CLANG_CXX_LANGUAGE_STANDARD = "gnu++0x";
				CLANG_CXX_LIBRARY = "libc++";
				CLANG_ENABLE_MODULES = YES;
				CLANG_ENABLE_OBJC_ARC = YES;
				CLANG_WARN_BOOL_CONVERSION = YES;
				CLANG_WARN_CONSTANT_CONVERSION = YES;
				CLANG_WARN_DIRECT_OBJC_ISA_USAGE = YES_ERROR;
				CLANG_WARN_DOCUMENTATION_COMMENTS = YES;
				CLANG_WARN_EMPTY_BODY = YES;
				CLANG_WARN_ENUM_CONVERSION = YES;
				CLANG_WARN_INFINITE_RECURSION = YES;
				CLANG_WARN_INT_CONVERSION = YES;
				CLANG_WARN_OBJC_ROOT_CLASS = YES_ERROR;
				CLANG_WARN_SUSPICIOUS_MOVE = YES;
				CLANG_WARN_UNREACHABLE_CODE = YES;
				CLANG_WARN__DUPLICATE_METHOD_MATCH = YES;
				"CODE_SIGN_IDENTITY[sdk=iphoneos*]" = "iPhone Developer";
				COPY_PHASE_STRIP = NO;
				DEBUG_INFORMATION_FORMAT = dwarf;
				ENABLE_STRICT_OBJC_MSGSEND = YES;
				ENABLE_TESTABILITY = YES;
				GCC_C_LANGUAGE_STANDARD = gnu99;
				GCC_DYNAMIC_NO_PIC = NO;
				GCC_NO_COMMON_BLOCKS = YES;
				GCC_OPTIMIZATION_LEVEL = 0;
				GCC_PREPROCESSOR_DEFINITIONS = (
					"DEBUG=1",
					"$(inherited)",
				);
				GCC_WARN_64_TO_32_BIT_CONVERSION = YES;
				GCC_WARN_ABOUT_RETURN_TYPE = YES_ERROR;
				GCC_WARN_UNDECLARED_SELECTOR = YES;
				GCC_WARN_UNINITIALIZED_AUTOS = YES_AGGRESSIVE;
				GCC_WARN_UNUSED_FUNCTION = YES;
				GCC_WARN_UNUSED_VARIABLE = YES;
				IPHONEOS_DEPLOYMENT_TARGET = 10.3;
				MTL_ENABLE_DEBUG_INFO = YES;
				ONLY_ACTIVE_ARCH = YES;
				SDKROOT = iphoneos;
				SWIFT_ACTIVE_COMPILATION_CONDITIONS = DEBUG;
				SWIFT_OPTIMIZATION_LEVEL = "-Onone";
				TARGETED_DEVICE_FAMILY = "1,2";
			};
			name = Debug;
		};
		5F2847091EB7D029005FC78E /* Release */ = {
			isa = XCBuildConfiguration;
			buildSettings = {
				ALWAYS_SEARCH_USER_PATHS = NO;
				CLANG_ANALYZER_NONNULL = YES;
				CLANG_ANALYZER_NUMBER_OBJECT_CONVERSION = YES_AGGRESSIVE;
				CLANG_CXX_LANGUAGE_STANDARD = "gnu++0x";
				CLANG_CXX_LIBRARY = "libc++";
				CLANG_ENABLE_MODULES = YES;
				CLANG_ENABLE_OBJC_ARC = YES;
				CLANG_WARN_BOOL_CONVERSION = YES;
				CLANG_WARN_CONSTANT_CONVERSION = YES;
				CLANG_WARN_DIRECT_OBJC_ISA_USAGE = YES_ERROR;
				CLANG_WARN_DOCUMENTATION_COMMENTS = YES;
				CLANG_WARN_EMPTY_BODY = YES;
				CLANG_WARN_ENUM_CONVERSION = YES;
				CLANG_WARN_INFINITE_RECURSION = YES;
				CLANG_WARN_INT_CONVERSION = YES;
				CLANG_WARN_OBJC_ROOT_CLASS = YES_ERROR;
				CLANG_WARN_SUSPICIOUS_MOVE = YES;
				CLANG_WARN_UNREACHABLE_CODE = YES;
				CLANG_WARN__DUPLICATE_METHOD_MATCH = YES;
				"CODE_SIGN_IDENTITY[sdk=iphoneos*]" = "iPhone Developer";
				COPY_PHASE_STRIP = NO;
				DEBUG_INFORMATION_FORMAT = "dwarf-with-dsym";
				ENABLE_NS_ASSERTIONS = NO;
				ENABLE_STRICT_OBJC_MSGSEND = YES;
				GCC_C_LANGUAGE_STANDARD = gnu99;
				GCC_NO_COMMON_BLOCKS = YES;
				GCC_WARN_64_TO_32_BIT_CONVERSION = YES;
				GCC_WARN_ABOUT_RETURN_TYPE = YES_ERROR;
				GCC_WARN_UNDECLARED_SELECTOR = YES;
				GCC_WARN_UNINITIALIZED_AUTOS = YES_AGGRESSIVE;
				GCC_WARN_UNUSED_FUNCTION = YES;
				GCC_WARN_UNUSED_VARIABLE = YES;
				IPHONEOS_DEPLOYMENT_TARGET = 10.3;
				MTL_ENABLE_DEBUG_INFO = NO;
				SDKROOT = iphoneos;
				SWIFT_OPTIMIZATION_LEVEL = "-Owholemodule";
				TARGETED_DEVICE_FAMILY = "1,2";
				VALIDATE_PRODUCT = YES;
			};
			name = Release;
		};
		5F28470B1EB7D029005FC78E /* Debug */ = {
			isa = XCBuildConfiguration;
			baseConfigurationReference = 2E32AF91C18D4B481DA95D31 /* Pods-iHome.debug.xcconfig */;
			buildSettings = {
				ASSETCATALOG_COMPILER_APPICON_NAME = AppIcon;
				CLANG_ENABLE_MODULES = YES;
				DEVELOPMENT_TEAM = Q7V5PH8THE;
				INFOPLIST_FILE = iHome/Info.plist;
				LD_RUNPATH_SEARCH_PATHS = "$(inherited) @executable_path/Frameworks";
				PRODUCT_BUNDLE_IDENTIFIER = Chang.iHome;
				PRODUCT_NAME = "$(TARGET_NAME)";
				SWIFT_OBJC_BRIDGING_HEADER = "";
				SWIFT_OPTIMIZATION_LEVEL = "-Onone";
				SWIFT_VERSION = 3.0;
			};
			name = Debug;
		};
		5F28470C1EB7D029005FC78E /* Release */ = {
			isa = XCBuildConfiguration;
			baseConfigurationReference = 8C336D346FFCEAFA8141FE69 /* Pods-iHome.release.xcconfig */;
			buildSettings = {
				ASSETCATALOG_COMPILER_APPICON_NAME = AppIcon;
				CLANG_ENABLE_MODULES = YES;
				DEVELOPMENT_TEAM = Q7V5PH8THE;
				INFOPLIST_FILE = iHome/Info.plist;
				LD_RUNPATH_SEARCH_PATHS = "$(inherited) @executable_path/Frameworks";
				PRODUCT_BUNDLE_IDENTIFIER = Chang.iHome;
				PRODUCT_NAME = "$(TARGET_NAME)";
				SWIFT_OBJC_BRIDGING_HEADER = "";
				SWIFT_VERSION = 3.0;
			};
			name = Release;
		};
		5F28470E1EB7D029005FC78E /* Debug */ = {
			isa = XCBuildConfiguration;
			baseConfigurationReference = 8950F6D9B89953D8BDF966AF /* Pods-iHomeTests.debug.xcconfig */;
			buildSettings = {
				ALWAYS_EMBED_SWIFT_STANDARD_LIBRARIES = YES;
				BUNDLE_LOADER = "$(TEST_HOST)";
				INFOPLIST_FILE = iHomeTests/Info.plist;
				LD_RUNPATH_SEARCH_PATHS = "$(inherited) @executable_path/Frameworks @loader_path/Frameworks";
				PRODUCT_BUNDLE_IDENTIFIER = Chang.iHomeTests;
				PRODUCT_NAME = "$(TARGET_NAME)";
				SWIFT_VERSION = 3.0;
				TEST_HOST = "$(BUILT_PRODUCTS_DIR)/iHome.app/iHome";
			};
			name = Debug;
		};
		5F28470F1EB7D029005FC78E /* Release */ = {
			isa = XCBuildConfiguration;
			baseConfigurationReference = 5B93183428691FD8E5F4FEC7 /* Pods-iHomeTests.release.xcconfig */;
			buildSettings = {
				ALWAYS_EMBED_SWIFT_STANDARD_LIBRARIES = YES;
				BUNDLE_LOADER = "$(TEST_HOST)";
				INFOPLIST_FILE = iHomeTests/Info.plist;
				LD_RUNPATH_SEARCH_PATHS = "$(inherited) @executable_path/Frameworks @loader_path/Frameworks";
				PRODUCT_BUNDLE_IDENTIFIER = Chang.iHomeTests;
				PRODUCT_NAME = "$(TARGET_NAME)";
				SWIFT_VERSION = 3.0;
				TEST_HOST = "$(BUILT_PRODUCTS_DIR)/iHome.app/iHome";
			};
			name = Release;
		};
		5F2847111EB7D029005FC78E /* Debug */ = {
			isa = XCBuildConfiguration;
			baseConfigurationReference = 20AFAEF18E34ACA3F9147964 /* Pods-iHomeUITests.debug.xcconfig */;
			buildSettings = {
				ALWAYS_EMBED_SWIFT_STANDARD_LIBRARIES = YES;
				INFOPLIST_FILE = iHomeUITests/Info.plist;
				LD_RUNPATH_SEARCH_PATHS = "$(inherited) @executable_path/Frameworks @loader_path/Frameworks";
				PRODUCT_BUNDLE_IDENTIFIER = Chang.iHomeUITests;
				PRODUCT_NAME = "$(TARGET_NAME)";
				SWIFT_VERSION = 3.0;
				TEST_TARGET_NAME = iHome;
			};
			name = Debug;
		};
		5F2847121EB7D029005FC78E /* Release */ = {
			isa = XCBuildConfiguration;
			baseConfigurationReference = BEB7ADFE073122A6B6B53160 /* Pods-iHomeUITests.release.xcconfig */;
			buildSettings = {
				ALWAYS_EMBED_SWIFT_STANDARD_LIBRARIES = YES;
				INFOPLIST_FILE = iHomeUITests/Info.plist;
				LD_RUNPATH_SEARCH_PATHS = "$(inherited) @executable_path/Frameworks @loader_path/Frameworks";
				PRODUCT_BUNDLE_IDENTIFIER = Chang.iHomeUITests;
				PRODUCT_NAME = "$(TARGET_NAME)";
				SWIFT_VERSION = 3.0;
				TEST_TARGET_NAME = iHome;
			};
			name = Release;
		};
/* End XCBuildConfiguration section */

/* Begin XCConfigurationList section */
		5F2846DA1EB7D029005FC78E /* Build configuration list for PBXProject "iHome" */ = {
			isa = XCConfigurationList;
			buildConfigurations = (
				5F2847081EB7D029005FC78E /* Debug */,
				5F2847091EB7D029005FC78E /* Release */,
			);
			defaultConfigurationIsVisible = 0;
			defaultConfigurationName = Release;
		};
		5F28470A1EB7D029005FC78E /* Build configuration list for PBXNativeTarget "iHome" */ = {
			isa = XCConfigurationList;
			buildConfigurations = (
				5F28470B1EB7D029005FC78E /* Debug */,
				5F28470C1EB7D029005FC78E /* Release */,
			);
			defaultConfigurationIsVisible = 0;
			defaultConfigurationName = Release;
		};
		5F28470D1EB7D029005FC78E /* Build configuration list for PBXNativeTarget "iHomeTests" */ = {
			isa = XCConfigurationList;
			buildConfigurations = (
				5F28470E1EB7D029005FC78E /* Debug */,
				5F28470F1EB7D029005FC78E /* Release */,
			);
			defaultConfigurationIsVisible = 0;
			defaultConfigurationName = Release;
		};
		5F2847101EB7D029005FC78E /* Build configuration list for PBXNativeTarget "iHomeUITests" */ = {
			isa = XCConfigurationList;
			buildConfigurations = (
				5F2847111EB7D029005FC78E /* Debug */,
				5F2847121EB7D029005FC78E /* Release */,
			);
			defaultConfigurationIsVisible = 0;
			defaultConfigurationName = Release;
		};
/* End XCConfigurationList section */

/* Begin XCVersionGroup section */
		5F2846E91EB7D029005FC78E /* iHome.xcdatamodeld */ = {
			isa = XCVersionGroup;
			children = (
				5F2846EA1EB7D029005FC78E /* iHome.xcdatamodel */,
			);
			currentVersion = 5F2846EA1EB7D029005FC78E /* iHome.xcdatamodel */;
			path = iHome.xcdatamodeld;
			sourceTree = "<group>";
			versionGroupType = wrapper.xcdatamodel;
		};
/* End XCVersionGroup section */
	};
	rootObject = 5F2846D71EB7D029005FC78E /* Project object */;
}
